
Microsoft Visual Studio Solution File, Format Version 12.00
# Visual Studio Version 16
VisualStudioVersion = 16.0.32106.194
MinimumVisualStudioVersion = 10.0.40219.1
Project("{8BC9CEB8-8B4A-11D0-8D11-00A0C91BC942}") = "AutoAnlysis", "AutoAnlysis\AutoAnlysis.vcxproj", "{2AF54170-BE3C-4050-80A0-C77B0E77D9D2}"
	ProjectSection(ProjectDependencies) = postProject
		{A96BBA10-A333-4173-8DAA-E7D039DBF40B} = {A96BBA10-A333-4173-8DAA-E7D039DBF40B}
		{47FFC856-78DA-4705-915C-5FD1ABEF70B0} = {47FFC856-78DA-4705-915C-5FD1ABEF70B0}
		{1E3FA36A-1DE6-4011-A98F-C6BCC0FB845F} = {1E3FA36A-1DE6-4011-A98F-C6BCC0FB845F}
		{7E3F5AD5-6983-464D-ABAB-08C234D6FDEB} = {7E3F5AD5-6983-464D-ABAB-08C234D6FDEB}
		{D0141FF6-1E15-4B17-A147-19E7358C22E3} = {D0141FF6-1E15-4B17-A147-19E7358C22E3}
	EndProjectSection
EndProject
Project("{8BC9CEB8-8B4A-11D0-8D11-00A0C91BC942}") = "convertor", "Converter\Converter.vcxproj", "{47FFC856-78DA-4705-915C-5FD1ABEF70B0}"
EndProject
Project("{8BC9CEB8-8B4A-11D0-8D11-00A0C91BC942}") = "bigfilemap", "bigfilemap\bigfilemap.vcxproj", "{1E3FA36A-1DE6-4011-A98F-C6BCC0FB845F}"
EndProject
Project("{8BC9CEB8-8B4A-11D0-8D11-00A0C91BC942}") = "JsonLibrary", "JsonLibrary\JsonLibrary.vcxproj", "{7E3F5AD5-6983-464D-ABAB-08C234D6FDEB}"
EndProject
Project("{8BC9CEB8-8B4A-11D0-8D11-00A0C91BC942}") = "sqlIteLibrary", "sqlIteLibrary\sqlIteLibrary.vcxproj", "{A96BBA10-A333-4173-8DAA-E7D039DBF40B}"
EndProject
Project("{8BC9CEB8-8B4A-11D0-8D11-00A0C91BC942}") = "dbExport", "dbExport\dbExport.vcxproj", "{D0141FF6-1E15-4B17-A147-19E7358C22E3}"
	ProjectSection(ProjectDependencies) = postProject
		{A96BBA10-A333-4173-8DAA-E7D039DBF40B} = {A96BBA10-A333-4173-8DAA-E7D039DBF40B}
		{7E3F5AD5-6983-464D-ABAB-08C234D6FDEB} = {7E3F5AD5-6983-464D-ABAB-08C234D6FDEB}
	EndProjectSection
EndProject
Project("{8BC9CEB8-8B4A-11D0-8D11-00A0C91BC942}") = "memMap", "memMap\memMap.vcxproj", "{5AC53A4E-0C85-49D0-B31E-A1900E059422}"
EndProject
Global
	GlobalSection(SolutionConfigurationPlatforms) = preSolution
		Debug|x64 = Debug|x64
		Debug|x86 = Debug|x86
		Release|x64 = Release|x64
		Release|x86 = Release|x86
	EndGlobalSection
	GlobalSection(ProjectConfigurationPlatforms) = postSolution
		{2AF54170-BE3C-4050-80A0-C77B0E77D9D2}.Debug|x64.ActiveCfg = Debug|x64
		{2AF54170-BE3C-4050-80A0-C77B0E77D9D2}.Debug|x64.Build.0 = Debug|x64
		{2AF54170-BE3C-4050-80A0-C77B0E77D9D2}.Debug|x86.ActiveCfg = Debug|Win32
		{2AF54170-BE3C-4050-80A0-C77B0E77D9D2}.Debug|x86.Build.0 = Debug|Win32
		{2AF54170-BE3C-4050-80A0-C77B0E77D9D2}.Release|x64.ActiveCfg = Release|x64
		{2AF54170-BE3C-4050-80A0-C77B0E77D9D2}.Release|x64.Build.0 = Release|x64
		{2AF54170-BE3C-4050-80A0-C77B0E77D9D2}.Release|x86.ActiveCfg = Release|Win32
		{2AF54170-BE3C-4050-80A0-C77B0E77D9D2}.Release|x86.Build.0 = Release|Win32
		{47FFC856-78DA-4705-915C-5FD1ABEF70B0}.Debug|x64.ActiveCfg = Debug|x64
		{47FFC856-78DA-4705-915C-5FD1ABEF70B0}.Debug|x64.Build.0 = Debug|x64
		{47FFC856-78DA-4705-915C-5FD1ABEF70B0}.Debug|x86.ActiveCfg = Debug|Win32
		{47FFC856-78DA-4705-915C-5FD1ABEF70B0}.Debug|x86.Build.0 = Debug|Win32
		{47FFC856-78DA-4705-915C-5FD1ABEF70B0}.Release|x64.ActiveCfg = Release|x64
		{47FFC856-78DA-4705-915C-5FD1ABEF70B0}.Release|x64.Build.0 = Release|x64
		{47FFC856-78DA-4705-915C-5FD1ABEF70B0}.Release|x86.ActiveCfg = Release|Win32
		{47FFC856-78DA-4705-915C-5FD1ABEF70B0}.Release|x86.Build.0 = Release|Win32
		{1E3FA36A-1DE6-4011-A98F-C6BCC0FB845F}.Debug|x64.ActiveCfg = Debug|x64
		{1E3FA36A-1DE6-4011-A98F-C6BCC0FB845F}.Debug|x64.Build.0 = Debug|x64
		{1E3FA36A-1DE6-4011-A98F-C6BCC0FB845F}.Debug|x86.ActiveCfg = Debug|Win32
		{1E3FA36A-1DE6-4011-A98F-C6BCC0FB845F}.Debug|x86.Build.0 = Debug|Win32
		{1E3FA36A-1DE6-4011-A98F-C6BCC0FB845F}.Release|x64.ActiveCfg = Release|x64
		{1E3FA36A-1DE6-4011-A98F-C6BCC0FB845F}.Release|x64.Build.0 = Release|x64
		{1E3FA36A-1DE6-4011-A98F-C6BCC0FB845F}.Release|x86.ActiveCfg = Release|Win32
		{1E3FA36A-1DE6-4011-A98F-C6BCC0FB845F}.Release|x86.Build.0 = Release|Win32
		{7E3F5AD5-6983-464D-ABAB-08C234D6FDEB}.Debug|x64.ActiveCfg = Debug|x64
		{7E3F5AD5-6983-464D-ABAB-08C234D6FDEB}.Debug|x64.Build.0 = Debug|x64
		{7E3F5AD5-6983-464D-ABAB-08C234D6FDEB}.Debug|x86.ActiveCfg = Debug|Win32
		{7E3F5AD5-6983-464D-ABAB-08C234D6FDEB}.Debug|x86.Build.0 = Debug|Win32
		{7E3F5AD5-6983-464D-ABAB-08C234D6FDEB}.Release|x64.ActiveCfg = Release|x64
		{7E3F5AD5-6983-464D-ABAB-08C234D6FDEB}.Release|x64.Build.0 = Release|x64
		{7E3F5AD5-6983-464D-ABAB-08C234D6FDEB}.Release|x86.ActiveCfg = Release|Win32
		{7E3F5AD5-6983-464D-ABAB-08C234D6FDEB}.Release|x86.Build.0 = Release|Win32
		{A96BBA10-A333-4173-8DAA-E7D039DBF40B}.Debug|x64.ActiveCfg = Debug|x64
		{A96BBA10-A333-4173-8DAA-E7D039DBF40B}.Debug|x64.Build.0 = Debug|x64
		{A96BBA10-A333-4173-8DAA-E7D039DBF40B}.Debug|x86.ActiveCfg = Debug|Win32
		{A96BBA10-A333-4173-8DAA-E7D039DBF40B}.Debug|x86.Build.0 = Debug|Win32
		{A96BBA10-A333-4173-8DAA-E7D039DBF40B}.Release|x64.ActiveCfg = Release|x64
		{A96BBA10-A333-4173-8DAA-E7D039DBF40B}.Release|x64.Build.0 = Release|x64
		{A96BBA10-A333-4173-8DAA-E7D039DBF40B}.Release|x86.ActiveCfg = Release|Win32
		{A96BBA10-A333-4173-8DAA-E7D039DBF40B}.Release|x86.Build.0 = Release|Win32
		{D0141FF6-1E15-4B17-A147-19E7358C22E3}.Debug|x64.ActiveCfg = Debug|x64
		{D0141FF6-1E15-4B17-A147-19E7358C22E3}.Debug|x64.Build.0 = Debug|x64
		{D0141FF6-1E15-4B17-A147-19E7358C22E3}.Debug|x86.ActiveCfg = Debug|Win32
		{D0141FF6-1E15-4B17-A147-19E7358C22E3}.Debug|x86.Build.0 = Debug|Win32
		{D0141FF6-1E15-4B17-A147-19E7358C22E3}.Release|x64.ActiveCfg = Release|x64
		{D0141FF6-1E15-4B17-A147-19E7358C22E3}.Release|x64.Build.0 = Release|x64
		{D0141FF6-1E15-4B17-A147-19E7358C22E3}.Release|x86.ActiveCfg = Release|Win32
		{D0141FF6-1E15-4B17-A147-19E7358C22E3}.Release|x86.Build.0 = Release|Win32
		{5AC53A4E-0C85-49D0-B31E-A1900E059422}.Debug|x64.ActiveCfg = Debug|x64
		{5AC53A4E-0C85-49D0-B31E-A1900E059422}.Debug|x64.Build.0 = Debug|x64
		{5AC53A4E-0C85-49D0-B31E-A1900E059422}.Debug|x86.ActiveCfg = Debug|Win32
		{5AC53A4E-0C85-49D0-B31E-A1900E059422}.Debug|x86.Build.0 = Debug|Win32
		{5AC53A4E-0C85-49D0-B31E-A1900E059422}.Release|x64.ActiveCfg = Release|x64
		{5AC53A4E-0C85-49D0-B31E-A1900E059422}.Release|x64.Build.0 = Release|x64
		{5AC53A4E-0C85-49D0-B31E-A1900E059422}.Release|x86.ActiveCfg = Release|Win32
		{5AC53A4E-0C85-49D0-B31E-A1900E059422}.Release|x86.Build.0 = Release|Win32
	EndGlobalSection
	GlobalSection(SolutionProperties) = preSolution
		HideSolutionNode = FALSE
	EndGlobalSection
	GlobalSection(ExtensibilityGlobals) = postSolution
		SolutionGuid = {9134D7AC-05AD-4D24-8728-F0C42FBB77E6}
	EndGlobalSection
EndGlobal
